
Microsoft Visual Studio Solution File, Format Version 12.00
# Visual Studio Version 17
VisualStudioVersion = 17.1.32210.238
MinimumVisualStudioVersion = 10.0.40219.1
Project("{FAE04EC0-301F-11D3-BF4B-00C04F79EFBC}") = "BubleTest", "BubleTest\BubleTest.csproj", "{B4D38834-5CE0-40AE-8E5F-FB02E3015602}"
EndProject
Global
	GlobalSection(SolutionConfigurationPlatforms) = preSolution
		Debug|Any CPU = Debug|Any CPU
		Release|Any CPU = Release|Any CPU
	EndGlobalSection
	GlobalSection(ProjectConfigurationPlatforms) = postSolution
		{B4D38834-5CE0-40AE-8E5F-FB02E3015602}.Debug|Any CPU.ActiveCfg = Debug|Any CPU
		{B4D38834-5CE0-40AE-8E5F-FB02E3015602}.Debug|Any CPU.Build.0 = Debug|Any CPU
		{B4D38834-5CE0-40AE-8E5F-FB02E3015602}.Release|Any CPU.ActiveCfg = Release|Any CPU
		{B4D38834-5CE0-40AE-8E5F-FB02E3015602}.Release|Any CPU.Build.0 = Release|Any CPU
	EndGlobalSection
	GlobalSection(SolutionProperties) = preSolution
		HideSolutionNode = FALSE
	EndGlobalSection
	GlobalSection(ExtensibilityGlobals) = postSolution
		SolutionGuid = {F9C25243-48C8-4F6D-936E-F81DE436D4BC}
	EndGlobalSection
EndGlobal
